
Microsoft Visual Studio Solution File, Format Version 12.00
# Visual Studio Version 16
VisualStudioVersion = 16.0.29728.190
MinimumVisualStudioVersion = 10.0.40219.1
Project("{9A19103F-16F7-4668-BE54-9A1E7A4F7556}") = "WpfExtendedControls", "WpfExtendedControls\WpfExtendedControls.csproj", "{56DDE2E5-01AF-42CF-81C6-CE09303AADF0}"
EndProject
Project("{9A19103F-16F7-4668-BE54-9A1E7A4F7556}") = "Test.WpfExtendedControls", "Test.WpfExtendedControls\Test.WpfExtendedControls.csproj", "{5B9A891B-2B71-4086-B0AB-B6B1F6CAE80D}"
EndProject
Project("{2150E333-8FDC-42A3-9474-1A3956D46DE8}") = "Solution Items", "Solution Items", "{4C6F6973-0DE5-49D0-9B92-77DB52A9A2D8}"
	ProjectSection(SolutionItems) = preProject
		..\.gitignore = ..\.gitignore
		..\LICENSE.md = ..\LICENSE.md
		..\README.md = ..\README.md
	EndProjectSection
EndProject
Project("{FAE04EC0-301F-11D3-BF4B-00C04F79EFBC}") = "Wpf.Example", "Wpf.Example\Wpf.Example.csproj", "{70B71F66-517E-4811-A778-D5EEA450E362}"
EndProject
Global
	GlobalSection(SolutionConfigurationPlatforms) = preSolution
		Debug|Any CPU = Debug|Any CPU
		Release|Any CPU = Release|Any CPU
	EndGlobalSection
	GlobalSection(ProjectConfigurationPlatforms) = postSolution
		{56DDE2E5-01AF-42CF-81C6-CE09303AADF0}.Debug|Any CPU.ActiveCfg = Debug|Any CPU
		{56DDE2E5-01AF-42CF-81C6-CE09303AADF0}.Debug|Any CPU.Build.0 = Debug|Any CPU
		{56DDE2E5-01AF-42CF-81C6-CE09303AADF0}.Release|Any CPU.ActiveCfg = Release|Any CPU
		{56DDE2E5-01AF-42CF-81C6-CE09303AADF0}.Release|Any CPU.Build.0 = Release|Any CPU
		{5B9A891B-2B71-4086-B0AB-B6B1F6CAE80D}.Debug|Any CPU.ActiveCfg = Debug|Any CPU
		{5B9A891B-2B71-4086-B0AB-B6B1F6CAE80D}.Debug|Any CPU.Build.0 = Debug|Any CPU
		{5B9A891B-2B71-4086-B0AB-B6B1F6CAE80D}.Release|Any CPU.ActiveCfg = Release|Any CPU
		{5B9A891B-2B71-4086-B0AB-B6B1F6CAE80D}.Release|Any CPU.Build.0 = Release|Any CPU
		{70B71F66-517E-4811-A778-D5EEA450E362}.Debug|Any CPU.ActiveCfg = Debug|Any CPU
		{70B71F66-517E-4811-A778-D5EEA450E362}.Debug|Any CPU.Build.0 = Debug|Any CPU
		{70B71F66-517E-4811-A778-D5EEA450E362}.Release|Any CPU.ActiveCfg = Release|Any CPU
		{70B71F66-517E-4811-A778-D5EEA450E362}.Release|Any CPU.Build.0 = Release|Any CPU
	EndGlobalSection
	GlobalSection(SolutionProperties) = preSolution
		HideSolutionNode = FALSE
	EndGlobalSection
	GlobalSection(ExtensibilityGlobals) = postSolution
		SolutionGuid = {BCDC1F2B-100B-48CA-AF05-53A4D0ED312B}
	EndGlobalSection
EndGlobal
